{
    "_meta": {
        "hash": {
            "sha256": "119938f20eef941720256f203cc8d5d4bee21e0cfca3fd77830b257815ac0dfb"
        },
        "pipfile-spec": 6,
        "requires": {
            "python_version": "3.9"
        },
        "sources": [
            {
                "name": "pypi",
                "url": "https://pypi.org/simple",
                "verify_ssl": true
            }
        ]
    },
    "default": {
        "robotframework": {
            "hashes": [
                "sha256:a0786a916d0572bd9d6afe26e95c6021e3df5dcafa0ece6b302e36366e58c24e",
                "sha256:a0c325e79dc6dcdaba0398db8c3afefc337799b7b36b336f04b07be4fe4a9dd2"
            ],
            "index": "pypi",
            "version": "==3.2.2"
        },
        "robotframework-pythonlibcore": {
            "hashes": [
                "sha256:5dda5be2daa98495dc76e48be7a2f3f95a65465d1696b46238c926582a880a10",
                "sha256:8b210bf29cbb78069b41a3d0b90e4cc8dd23f509ea2daf450e3ef4a6ee758949"
            ],
            "markers": "python_version >= '2.7' and python_version not in '3.0, 3.1, 3.2, 3.3, 3.4, 3.5' and python_version < '4'",
            "version": "==2.1.0"
        },
        "robotframework-seleniumlibrary": {
            "hashes": [
                "sha256:737fcdcf71777fd805762fdbb4b1b021b7719e7d34f820edc5545bdba85242c4",
                "sha256:a0a571642f54dabb481ff1ea7dc6195b82c69d241d0e01de79de64fcbfa69e44"
            ],
            "index": "pypi",
            "version": "==4.5.0"
        },
        "selenium": {
            "hashes": [
                "sha256:2d7131d7bc5a5b99a2d9b04aaf2612c411b03b8ca1b1ee8d3de5845a9be2cb3c",
                "sha256:deaf32b60ad91a4611b98d8002757f29e6f2c2d5fcaf202e1c9ad06d6772300d"
            ],
            "version": "==3.141.0"
        },
        "urllib3": {
            "hashes": [
                "sha256:19188f96923873c92ccb987120ec4acaa12f0461fa9ce5d3d0772bc965a39e08",
                "sha256:d8ff90d979214d7b4f8ce956e80f4028fc6860e4431f731ea4a8c08f23f99473"
            ],
            "markers": "python_version >= '2.7' and python_version not in '3.0, 3.1, 3.2, 3.3, 3.4' and python_version < '4'",
            "version": "==1.26.2"
        }
    },
    "develop": {}
}
